<?xml version="1.0" encoding="utf-8"?>
<Project ToolsVersion="4.0" xmlns="http://schemas.microsoft.com/developer/msbuild/2003">
  <ItemGroup>
    <Filter Include="Source Files">
      <UniqueIdentifier>{4FC737F1-C7A5-4376-A066-2A32D752A2FF}</UniqueIdentifier>
      <Extensions>cpp;c;cxx;def;odl;idl;hpj;bat;asm;asmx</Extensions>
    </Filter>
    <Filter Include="Header Files">
      <UniqueIdentifier>{93995380-89BD-4b04-88EB-625FBE52EBFB}</UniqueIdentifier>
      <Extensions>h;hpp;hxx;hm;inl;inc;xsd</Extensions>
    </Filter>
    <Filter Include="Resource Files">
      <UniqueIdentifier>{67DA6AB6-F800-4c08-8B7A-83BB121AAD01}</UniqueIdentifier>
      <Extensions>rc;ico;cur;bmp;dlg;rc2;rct;bin;rgs;gif;jpg;jpeg;jpe;resx</Extensions>
    </Filter>
  </ItemGroup>
  <ItemGroup>
    <ClCompile Include="ImageWidget.cpp">
      <Filter>Source Files</Filter>
    </ClCompile>
    <ClCompile Include="libtarga.c">
      <Filter>Source Files</Filter>
    </ClCompile>
    <ClCompile Include="Main.cpp">
      <Filter>Source Files</Filter>
    </ClCompile>
    <ClCompile Include="ScriptHandler.cpp">
      <Filter>Source Files</Filter>
    </ClCompile>
    <ClCompile Include="TargaImage.cpp">
      <Filter>Source Files</Filter>
    </ClCompile>
  </ItemGroup>
  <ItemGroup>
    <ClInclude Include="Globals.h">
      <Filter>Header Files</Filter>
    </ClInclude>
    <ClInclude Include="ImageWidget.h">
      <Filter>Header Files</Filter>
    </ClInclude>
    <ClInclude Include="libtarga.h">
      <Filter>Header Files</Filter>
    </ClInclude>
    <ClInclude Include="ScriptHandler.h">
      <Filter>Header Files</Filter>
    </ClInclude>
    <ClInclude Include="TargaImage.h">
      <Filter>Header Files</Filter>
    </ClInclude>
  </ItemGroup>
  <ItemGroup>
    <None Include="Globals.inl">
      <Filter>Header Files</Filter>
    </None>
  </ItemGroup>
  <ItemGroup>
    <Image Include="tree.tga" />
    <Image Include="church.tga" />
    <Image Include="flower.tga" />
    <Image Include="result\checkers-filter-bartlett.tga" />
    <Image Include="result\checkers-filter-box.tga" />
    <Image Include="result\checkers-filter-edge.tga" />
    <Image Include="result\checkers-filter-enhance.tga" />
    <Image Include="result\checkers-filter-gauss.tga" />
    <Image Include="result\checkers-filter-gauss-n.tga" />
    <Image Include="result\checkers-half.tga" />
    <Image Include="result\checkers-rotate.tga" />
    <Image Include="result\checkers-scale.tga" />
    <Image Include="result\checkers-small-double.tga" />
    <Image Include="result\church-dither-bright.tga" />
    <Image Include="result\church-dither-cluster.tga" />
    <Image Include="result\church-dither-color.tga" />
    <Image Include="result\church-dither-fs.tga" />
    <Image Include="result\church-dither-order.tga" />
    <Image Include="result\church-dither-rand.tga" />
    <Image Include="result\church-dither-thresh.tga" />
    <Image Include="result\church-filter-bartlett.tga" />
    <Image Include="result\church-filter-bartlett_old.tga" />
    <Image Include="result\church-filter-box.tga" />
    <Image Include="result\church-filter-edge.tga" />
    <Image Include="result\church-filter-enhance.tga" />
    <Image Include="result\church-filter-gauss.tga" />
    <Image Include="result\church-filter-gauss-n.tga" />
    <Image Include="result\church-half.tga" />
    <Image Include="result\church-npr-paint.tga" />
    <Image Include="result\church-quant-pop.tga" />
    <Image Include="result\church-quant-unif.tga" />
    <Image Include="result\church-rotate.tga" />
    <Image Include="result\church-scale.tga" />
    <Image Include="result\church-small-double.tga" />
    <Image Include="result\colors-for-bw.tga" />
    <Image Include="result\colors-for-bw-gray.tga" />
    <Image Include="result\gray-checkers-filter-edge.tga" />
    <Image Include="result\gray-checkers-filter-enhance.tga" />
    <Image Include="result\wiz-npr-paint.tga" />
    <Image Include="result\wiz-quant-pop.tga" />
    <Image Include="result\wiz-quant-unif.tga" />
    <Image Include="result\zcolorcheck-comp-atop.tga" />
    <Image Include="result\zcolorcheck-comp-in.tga" />
    <Image Include="result\zcolorcheck-comp-out.tga" />
    <Image Include="result\zcolorcheck-comp-over.tga" />
    <Image Include="result\zcolorcheck-comp-xor.tga" />
  </ItemGroup>
</Project>